<?xml version="1.0" encoding="utf-8"?>
<Project ToolsVersion="4.0" xmlns="http://schemas.microsoft.com/developer/msbuild/2003">
  <ItemGroup>
    <Filter Include="Source Files">
      <UniqueIdentifier>{4FC737F1-C7A5-4376-A066-2A32D752A2FF}</UniqueIdentifier>
      <Extensions>cpp;c;cc;cxx;c++;cppm;ixx;def;odl;idl;hpj;bat;asm;asmx</Extensions>
    </Filter>
    <Filter Include="Header Files">
      <UniqueIdentifier>{93995380-89BD-4b04-88EB-625FBE52EBFB}</UniqueIdentifier>
      <Extensions>h;hh;hpp;hxx;h++;hm;inl;inc;ipp;xsd</Extensions>
    </Filter>
    <Filter Include="Resource Files">
      <UniqueIdentifier>{67DA6AB6-F800-4c08-8B7A-83BB121AAD01}</UniqueIdentifier>
      <Extensions>rc;ico;cur;bmp;dlg;rc2;rct;bin;rgs;gif;jpg;jpeg;jpe;resx;tiff;tif;png;wav;mfcribbon-ms</Extensions>
    </Filter>
    <Filter Include="Source Files\math">
      <UniqueIdentifier>{b8d52d6f-45d2-4dd7-a694-62ee78dee74d}</UniqueIdentifier>
    </Filter>
    <Filter Include="Source Files\body">
      <UniqueIdentifier>{d202b5ed-5aef-4d8e-a762-e1f27526de4b}</UniqueIdentifier>
    </Filter>
    <Filter Include="Source Files\world">
      <UniqueIdentifier>{0cadd7e1-e935-4b46-843a-b0b4ee08966f}</UniqueIdentifier>
    </Filter>
    <Filter Include="Source Files\render">
      <UniqueIdentifier>{5d8abd88-1d09-47f4-a4ee-c34fcd222872}</UniqueIdentifier>
    </Filter>
    <Filter Include="Source Files\input">
      <UniqueIdentifier>{8c0fa42b-3440-4fa0-8f6a-37db1c2bef36}</UniqueIdentifier>
    </Filter>
  </ItemGroup>
  <ItemGroup>
    <ClCompile Include="Physics.cpp">
      <Filter>Source Files</Filter>
    </ClCompile>
    <ClCompile Include="Color.cpp">
      <Filter>Source Files\render</Filter>
    </ClCompile>
    <ClCompile Include="World.cpp">
      <Filter>Source Files\world</Filter>
    </ClCompile>
    <ClCompile Include="Input.cpp">
      <Filter>Source Files\input</Filter>
    </ClCompile>
    <ClCompile Include="Renderer.cpp">
      <Filter>Source Files\render</Filter>
    </ClCompile>
  </ItemGroup>
  <ItemGroup>
    <ClInclude Include="Physics.h">
      <Filter>Source Files</Filter>
    </ClInclude>
    <ClInclude Include="Vec2.h">
      <Filter>Source Files\math</Filter>
    </ClInclude>
    <ClInclude Include="Shapes.h">
      <Filter>Source Files\body</Filter>
    </ClInclude>
    <ClInclude Include="Renderer.h">
      <Filter>Source Files\render</Filter>
    </ClInclude>
    <ClInclude Include="Color.h">
      <Filter>Source Files\render</Filter>
    </ClInclude>
    <ClInclude Include="Input.h">
      <Filter>Source Files\input</Filter>
    </ClInclude>
  </ItemGroup>
  <ItemGroup>
    <None Include="RigidBody.h">
      <Filter>Source Files\body</Filter>
    </None>
    <None Include="World.h">
      <Filter>Source Files\world</Filter>
    </None>
    <None Include=".gitignore" />
  </ItemGroup>
  <ItemGroup>
    <Text Include="todo.txt" />
  </ItemGroup>
</Project>